
Microsoft Visual Studio Solution File, Format Version 12.00
# Visual Studio Version 17
VisualStudioVersion = 17.12.35521.163
MinimumVisualStudioVersion = 10.0.40219.1
Project("{2150E333-8FDC-42A3-9474-1A3956D46DE8}") = "Solution Items", "Solution Items", "{5A8935FD-B924-4E62-95E8-3D4A2670CAF7}"
	ProjectSection(SolutionItems) = preProject
		.env = .env
		docker-compose.yml = docker-compose.yml
		global.json = global.json
	EndProjectSection
EndProject
Project("{FAE04EC0-301F-11D3-BF4B-00C04F79EFBC}") = "CoreSupply.Catalog.API", "CoreSupply.Catalog.API\CoreSupply.Catalog.API.csproj", "{6665D71D-C37B-4EAB-896E-9C1D80B67C64}"
EndProject
Project("{E53339B2-1760-4266-BCC7-CA923CBCF16C}") = "docker-compose", "docker-compose.dcproj", "{E14F44A8-1111-4E88-A6F7-009A6C0B836D}"
EndProject
Project("{FAE04EC0-301F-11D3-BF4B-00C04F79EFBC}") = "CoreSupply.Quote.API", "CoreSupply.Quote.API\CoreSupply.Quote.API.csproj", "{4C3A5AAF-A2B5-46CC-A995-DC5B0F9DD1E8}"
EndProject
Project("{FAE04EC0-301F-11D3-BF4B-00C04F79EFBC}") = "CoreSupply.APIGateway", "CoreSupply.APIGateway\CoreSupply.APIGateway.csproj", "{0CBCEA0B-048F-416A-AB19-ED2115EBDEE5}"
EndProject
Project("{FAE04EC0-301F-11D3-BF4B-00C04F79EFBC}") = "CoreSupply.Identity.API", "CoreSupply.Identity.API\CoreSupply.Identity.API.csproj", "{BFC718A9-C8A8-49B3-9CA7-9EDDCA7F5033}"
EndProject
Project("{FAE04EC0-301F-11D3-BF4B-00C04F79EFBC}") = "CoreSupply.BuildingBlocks", "CoreSupply.BuildingBlocks\CoreSupply.BuildingBlocks.csproj", "{F6EC7112-8B46-4B71-AA5F-A1D995825E0A}"
EndProject
Project("{FAE04EC0-301F-11D3-BF4B-00C04F79EFBC}") = "CoreSupply.Ordering.API", "CoreSupply.Ordering.API\CoreSupply.Ordering.API.csproj", "{064CA2DF-A524-42AD-B42E-BC62ABFB93A8}"
EndProject
Project("{FAE04EC0-301F-11D3-BF4B-00C04F79EFBC}") = "CoreSupply.IntegrationTests", "CoreSupply.IntegrationTests\CoreSupply.IntegrationTests.csproj", "{24FC8091-EBC5-4F74-837D-A4F0385CF165}"
EndProject
Project("{FAE04EC0-301F-11D3-BF4B-00C04F79EFBC}") = "CoreSupply.Discount.Grpc", "CoreSupply.Discount.Grpc\CoreSupply.Discount.Grpc.csproj", "{E78F85E9-BC40-4AF3-BEF0-96BE5B6DB917}"
EndProject
Project("{FAE04EC0-301F-11D3-BF4B-00C04F79EFBC}") = "CoreSupply.Inventory.Grpc", "CoreSupply.Inventory.Grpc\CoreSupply.Inventory.Grpc.csproj", "{CC3F576C-F2EF-4341-9A14-23DD64180212}"
EndProject
Project("{FAE04EC0-301F-11D3-BF4B-00C04F79EFBC}") = "CoreSupply.Payment.API", "CoreSupply.Payment.API\CoreSupply.Payment.API.csproj", "{78D32BF1-F6AA-4DAB-B6E0-48B71D4672A5}"
EndProject
Global
	GlobalSection(SolutionConfigurationPlatforms) = preSolution
		Debug|Any CPU = Debug|Any CPU
		Release|Any CPU = Release|Any CPU
	EndGlobalSection
	GlobalSection(ProjectConfigurationPlatforms) = postSolution
		{6665D71D-C37B-4EAB-896E-9C1D80B67C64}.Debug|Any CPU.ActiveCfg = Debug|Any CPU
		{6665D71D-C37B-4EAB-896E-9C1D80B67C64}.Debug|Any CPU.Build.0 = Debug|Any CPU
		{6665D71D-C37B-4EAB-896E-9C1D80B67C64}.Release|Any CPU.ActiveCfg = Release|Any CPU
		{6665D71D-C37B-4EAB-896E-9C1D80B67C64}.Release|Any CPU.Build.0 = Release|Any CPU
		{E14F44A8-1111-4E88-A6F7-009A6C0B836D}.Debug|Any CPU.ActiveCfg = Debug|Any CPU
		{E14F44A8-1111-4E88-A6F7-009A6C0B836D}.Debug|Any CPU.Build.0 = Debug|Any CPU
		{E14F44A8-1111-4E88-A6F7-009A6C0B836D}.Release|Any CPU.ActiveCfg = Release|Any CPU
		{E14F44A8-1111-4E88-A6F7-009A6C0B836D}.Release|Any CPU.Build.0 = Release|Any CPU
		{4C3A5AAF-A2B5-46CC-A995-DC5B0F9DD1E8}.Debug|Any CPU.ActiveCfg = Debug|Any CPU
		{4C3A5AAF-A2B5-46CC-A995-DC5B0F9DD1E8}.Debug|Any CPU.Build.0 = Debug|Any CPU
		{4C3A5AAF-A2B5-46CC-A995-DC5B0F9DD1E8}.Release|Any CPU.ActiveCfg = Release|Any CPU
		{4C3A5AAF-A2B5-46CC-A995-DC5B0F9DD1E8}.Release|Any CPU.Build.0 = Release|Any CPU
		{0CBCEA0B-048F-416A-AB19-ED2115EBDEE5}.Debug|Any CPU.ActiveCfg = Debug|Any CPU
		{0CBCEA0B-048F-416A-AB19-ED2115EBDEE5}.Debug|Any CPU.Build.0 = Debug|Any CPU
		{0CBCEA0B-048F-416A-AB19-ED2115EBDEE5}.Release|Any CPU.ActiveCfg = Release|Any CPU
		{0CBCEA0B-048F-416A-AB19-ED2115EBDEE5}.Release|Any CPU.Build.0 = Release|Any CPU
		{BFC718A9-C8A8-49B3-9CA7-9EDDCA7F5033}.Debug|Any CPU.ActiveCfg = Debug|Any CPU
		{BFC718A9-C8A8-49B3-9CA7-9EDDCA7F5033}.Debug|Any CPU.Build.0 = Debug|Any CPU
		{BFC718A9-C8A8-49B3-9CA7-9EDDCA7F5033}.Release|Any CPU.ActiveCfg = Release|Any CPU
		{BFC718A9-C8A8-49B3-9CA7-9EDDCA7F5033}.Release|Any CPU.Build.0 = Release|Any CPU
		{F6EC7112-8B46-4B71-AA5F-A1D995825E0A}.Debug|Any CPU.ActiveCfg = Debug|Any CPU
		{F6EC7112-8B46-4B71-AA5F-A1D995825E0A}.Debug|Any CPU.Build.0 = Debug|Any CPU
		{F6EC7112-8B46-4B71-AA5F-A1D995825E0A}.Release|Any CPU.ActiveCfg = Release|Any CPU
		{F6EC7112-8B46-4B71-AA5F-A1D995825E0A}.Release|Any CPU.Build.0 = Release|Any CPU
		{064CA2DF-A524-42AD-B42E-BC62ABFB93A8}.Debug|Any CPU.ActiveCfg = Debug|Any CPU
		{064CA2DF-A524-42AD-B42E-BC62ABFB93A8}.Debug|Any CPU.Build.0 = Debug|Any CPU
		{064CA2DF-A524-42AD-B42E-BC62ABFB93A8}.Release|Any CPU.ActiveCfg = Release|Any CPU
		{064CA2DF-A524-42AD-B42E-BC62ABFB93A8}.Release|Any CPU.Build.0 = Release|Any CPU
		{24FC8091-EBC5-4F74-837D-A4F0385CF165}.Debug|Any CPU.ActiveCfg = Debug|Any CPU
		{24FC8091-EBC5-4F74-837D-A4F0385CF165}.Debug|Any CPU.Build.0 = Debug|Any CPU
		{24FC8091-EBC5-4F74-837D-A4F0385CF165}.Release|Any CPU.ActiveCfg = Release|Any CPU
		{24FC8091-EBC5-4F74-837D-A4F0385CF165}.Release|Any CPU.Build.0 = Release|Any CPU
		{E78F85E9-BC40-4AF3-BEF0-96BE5B6DB917}.Debug|Any CPU.ActiveCfg = Debug|Any CPU
		{E78F85E9-BC40-4AF3-BEF0-96BE5B6DB917}.Debug|Any CPU.Build.0 = Debug|Any CPU
		{E78F85E9-BC40-4AF3-BEF0-96BE5B6DB917}.Release|Any CPU.ActiveCfg = Release|Any CPU
		{E78F85E9-BC40-4AF3-BEF0-96BE5B6DB917}.Release|Any CPU.Build.0 = Release|Any CPU
		{CC3F576C-F2EF-4341-9A14-23DD64180212}.Debug|Any CPU.ActiveCfg = Debug|Any CPU
		{CC3F576C-F2EF-4341-9A14-23DD64180212}.Debug|Any CPU.Build.0 = Debug|Any CPU
		{CC3F576C-F2EF-4341-9A14-23DD64180212}.Release|Any CPU.ActiveCfg = Release|Any CPU
		{CC3F576C-F2EF-4341-9A14-23DD64180212}.Release|Any CPU.Build.0 = Release|Any CPU
		{78D32BF1-F6AA-4DAB-B6E0-48B71D4672A5}.Debug|Any CPU.ActiveCfg = Debug|Any CPU
		{78D32BF1-F6AA-4DAB-B6E0-48B71D4672A5}.Debug|Any CPU.Build.0 = Debug|Any CPU
		{78D32BF1-F6AA-4DAB-B6E0-48B71D4672A5}.Release|Any CPU.ActiveCfg = Release|Any CPU
		{78D32BF1-F6AA-4DAB-B6E0-48B71D4672A5}.Release|Any CPU.Build.0 = Release|Any CPU
	EndGlobalSection
	GlobalSection(SolutionProperties) = preSolution
		HideSolutionNode = FALSE
	EndGlobalSection
EndGlobal
